
Microsoft Visual Studio Solution File, Format Version 12.00
# Visual Studio Version 17
VisualStudioVersion = 17.0.32014.148
MinimumVisualStudioVersion = 10.0.40219.1
Project("{FAE04EC0-301F-11D3-BF4B-00C04F79EFBC}") = "WebView2Sample", "WebView2Sample\WebView2Sample.csproj", "{C75CEE63-E43A-42A4-A7CA-B6D38BB78929}"
EndProject
Project("{2150E333-8FDC-42A3-9474-1A3956D46DE8}") = "Solution Items", "Solution Items", "{9D326778-2C2A-4A75-86C6-437FB4D31D4E}"
	ProjectSection(SolutionItems) = preProject
		README.md = README.md
	EndProjectSection
EndProject
Global
	GlobalSection(SolutionConfigurationPlatforms) = preSolution
		Debug|Any CPU = Debug|Any CPU
		Release|Any CPU = Release|Any CPU
	EndGlobalSection
	GlobalSection(ProjectConfigurationPlatforms) = postSolution
		{C75CEE63-E43A-42A4-A7CA-B6D38BB78929}.Debug|Any CPU.ActiveCfg = Debug|Any CPU
		{C75CEE63-E43A-42A4-A7CA-B6D38BB78929}.Debug|Any CPU.Build.0 = Debug|Any CPU
		{C75CEE63-E43A-42A4-A7CA-B6D38BB78929}.Release|Any CPU.ActiveCfg = Release|Any CPU
		{C75CEE63-E43A-42A4-A7CA-B6D38BB78929}.Release|Any CPU.Build.0 = Release|Any CPU
	EndGlobalSection
	GlobalSection(SolutionProperties) = preSolution
		HideSolutionNode = FALSE
	EndGlobalSection
	GlobalSection(ExtensibilityGlobals) = postSolution
		SolutionGuid = {36D210F8-8CFA-4ABA-9EA9-8F1AC9BC14F9}
	EndGlobalSection
EndGlobal
